// !$*UTF8*$!
{
	archiveVersion = 1;
	classes = {
	};
	objectVersion = 77;
	objects = {

/* Begin PBXBuildFile section */
		03B4D22BE7F2EE52A5B191F3 /* ImprintHTTPServer.swift in Sources */ = {isa = PBXBuildFile; fileRef = EC917526021AE8E09574FC8A /* ImprintHTTPServer.swift */; };
		0405F0819FEDBD474347CCF6 /* CollaborationService.swift in Sources */ = {isa = PBXBuildFile; fileRef = 793F3105ECF5D34AB750E20D /* CollaborationService.swift */; };
		086934B7845E5A7A443B7A87 /* IOSScribbleSupport.swift in Sources */ = {isa = PBXBuildFile; fileRef = ED675147A727CA394129D2F8 /* IOSScribbleSupport.swift */; };
		092CC673426350EE7BB2B1E9 /* PDFPreviewTests.swift in Sources */ = {isa = PBXBuildFile; fileRef = 58B7C0F823D92EA37C65D39D /* PDFPreviewTests.swift */; };
		0D3E7111E81F108775E5E69E /* RewriteSuggestion.swift in Sources */ = {isa = PBXBuildFile; fileRef = 6E28FED10438FADDD921D285 /* RewriteSuggestion.swift */; };
		0EBC5681A147FB9CE44BD764 /* CommentsSidebarView.swift in Sources */ = {isa = PBXBuildFile; fileRef = 75B9B47EF789C1C8653214C0 /* CommentsSidebarView.swift */; };
		1031E4621144B112F76AD73B /* ImprintHTTPServer.swift in Sources */ = {isa = PBXBuildFile; fileRef = EC917526021AE8E09574FC8A /* ImprintHTTPServer.swift */; };
		14B3E859D53E3041FABA8877 /* ImpressHelixCore in Frameworks */ = {isa = PBXBuildFile; productRef = 8EC9D1A11A01C2743A353F79 /* ImpressHelixCore */; };
		1946CF4DBE13E58B0D8E1923 /* DirectPDFView.swift in Sources */ = {isa = PBXBuildFile; fileRef = A19FFC90CA624B7D3B64393F /* DirectPDFView.swift */; };
		1BEF3CCADC63104C41D451D0 /* ImpressAutomation in Frameworks */ = {isa = PBXBuildFile; productRef = 567E9E3CACE9EC2DE9C00042 /* ImpressAutomation */; };
		27282A611C7FFF71635C18FB /* ImprintCore in Frameworks */ = {isa = PBXBuildFile; productRef = 353A89432C8827CE3B49F381 /* ImprintCore */; };
		339D2EAB6595CAE1D6384774 /* ImprintTestDataFactory.swift in Sources */ = {isa = PBXBuildFile; fileRef = 8CD16DAB51FC93B2BB77F8B8 /* ImprintTestDataFactory.swift */; };
		3A862E987B562B19E3E1256A /* CitationPickerView.swift in Sources */ = {isa = PBXBuildFile; fileRef = 200DAE86D2EC4D99498A8D46 /* CitationPickerView.swift */; };
		42D46C8AC8EC51C9C9131853 /* Assets.xcassets in Resources */ = {isa = PBXBuildFile; fileRef = 2CDE35399E25774A690015FB /* Assets.xcassets */; };
		4694810B7FC99C6B5705C9BF /* DocumentWorkflowTests.swift in Sources */ = {isa = PBXBuildFile; fileRef = 6B8B903DDCDF46C43E6916E0 /* DocumentWorkflowTests.swift */; };
		4BE2F3E6937C08C7969C8077 /* URLSchemeHandler.swift in Sources */ = {isa = PBXBuildFile; fileRef = 239150EC33A76C09B10A04D3 /* URLSchemeHandler.swift */; };
		4F249EC0D575D49A40C9ABFC /* Assets.xcassets in Resources */ = {isa = PBXBuildFile; fileRef = 1F82ED386EB879B10C406834 /* Assets.xcassets */; };
		5005F267DBDCB950CD944B26 /* AccessibilityAuditTests.swift in Sources */ = {isa = PBXBuildFile; fileRef = C069C2E038D2FD080AAC436C /* AccessibilityAuditTests.swift */; };
		5134D491C131D8304310BC37 /* SettingsView.swift in Sources */ = {isa = PBXBuildFile; fileRef = 9044E468BE465B7BA8A29D76 /* SettingsView.swift */; };
		530E289C7BC0A6E42C3D5F86 /* CollaboratorAvatarsView.swift in Sources */ = {isa = PBXBuildFile; fileRef = F880885989065F54463C8A62 /* CollaboratorAvatarsView.swift */; };
		56353CA3433A02749BECD321 /* Assets.xcassets in Resources */ = {isa = PBXBuildFile; fileRef = 0ABAB62568FF876CC4E0534F /* Assets.xcassets */; };
		5CD823FC6CB15DC00C386C14 /* ImbibIntegrationService.swift in Sources */ = {isa = PBXBuildFile; fileRef = 2B2E11D082E7A8072873D329 /* ImbibIntegrationService.swift */; };
		5E55353DBE87BB19393504BB /* ImpressAutomation in Frameworks */ = {isa = PBXBuildFile; productRef = A9FB7D229BAC6AAF619BB78D /* ImpressAutomation */; };
		650034763BE125B177DA0E87 /* RewriteSuggestionView.swift in Sources */ = {isa = PBXBuildFile; fileRef = E5F2E62B0712CC210A21B369 /* RewriteSuggestionView.swift */; };
		65585EEE730B74A282BAC99F /* CRDTHealthValidator.swift in Sources */ = {isa = PBXBuildFile; fileRef = 9109B68CF7A42AC37C2C433E /* CRDTHealthValidator.swift */; };
		6623CC7404A5C7F43BF0D9A4 /* ToolbarTests.swift in Sources */ = {isa = PBXBuildFile; fileRef = A83DD964817663C020DEEF41 /* ToolbarTests.swift */; };
		670645D1EC4F70CD73D59151 /* ImpressAI in Frameworks */ = {isa = PBXBuildFile; productRef = 552AC7A96D227AA4AB793F32 /* ImpressAI */; };
		69BD9583B3246D8F5AC50467 /* TemplateBrowserView.swift in Sources */ = {isa = PBXBuildFile; fileRef = 77B80C7D0E33E8CC20C5FEDE /* TemplateBrowserView.swift */; };
		6A7C2B8D7C8B7E744821B048 /* ImprintHTTPRouter.swift in Sources */ = {isa = PBXBuildFile; fileRef = 9718EB54121DE0009ACEC74C /* ImprintHTTPRouter.swift */; };
		6CDCA0A7FC412754E3C9AED1 /* PDFPreviewView.swift in Sources */ = {isa = PBXBuildFile; fileRef = 3B031DA11AFC25AE5C8F8513 /* PDFPreviewView.swift */; };
		6DDFE3FEB48918B2F501DE1C /* IOSContentView.swift in Sources */ = {isa = PBXBuildFile; fileRef = A36EE826300F91D62BAB88E5 /* IOSContentView.swift */; };
		6E5B21D58232C44DE1311330 /* DocumentSchemaVersion.swift in Sources */ = {isa = PBXBuildFile; fileRef = D5629BB44B89101C75CC9C4B /* DocumentSchemaVersion.swift */; };
		6ED0CF4A9A309E77604216E3 /* ImprintDocument.swift in Sources */ = {isa = PBXBuildFile; fileRef = BAFDFA5583B6B78070FB4386 /* ImprintDocument.swift */; };
		6F722EED7B19CC8B0D79C8F5 /* CommentService.swift in Sources */ = {isa = PBXBuildFile; fileRef = 32C93B7AC3DB6D142E84E3AB /* CommentService.swift */; };
		7014CD448D1AB9C9301E1D55 /* ImpressAI in Frameworks */ = {isa = PBXBuildFile; productRef = 92B5726FAC1ADA45A006C597 /* ImpressAI */; };
		7251063F9310D1B3A1BC2F75 /* ImprintRustCore in Frameworks */ = {isa = PBXBuildFile; productRef = EF346A89A43BFDB8598F5C5A /* ImprintRustCore */; };
		754EC6D3771E2B27AD633401 /* FocusModeView.swift in Sources */ = {isa = PBXBuildFile; fileRef = 6D0529920CDD3DAE47B66AF6 /* FocusModeView.swift */; };
		79C2FE7D1436F806E52F363A /* ImprintApp.swift in Sources */ = {isa = PBXBuildFile; fileRef = F4FC5B4BACDCD64EFC7ED7AA /* ImprintApp.swift */; };
		7D486CE34F85943424FC01DE /* AIContextMenuService.swift in Sources */ = {isa = PBXBuildFile; fileRef = 6332C2E6DEE229EFCD5B5EA6 /* AIContextMenuService.swift */; };
		7E90E564D651C63C161D3455 /* BibliographyGenerator.swift in Sources */ = {isa = PBXBuildFile; fileRef = C46D62BF08FD98C8ACE03E2B /* BibliographyGenerator.swift */; };
		81988862902E9B79BAE49C21 /* ImpressHelixCore in Frameworks */ = {isa = PBXBuildFile; productRef = DFD5C6D3D462E5D7EA67B0B5 /* ImpressHelixCore */; };
		841C53AE700FDDD6CDA4FB4F /* ImprintTestApp.swift in Sources */ = {isa = PBXBuildFile; fileRef = 800A1B08DC3EC98E2A098ECF /* ImprintTestApp.swift */; };
		86D26E342BA2A82A244C3B82 /* CitationDropDelegate.swift in Sources */ = {isa = PBXBuildFile; fileRef = 493F51CA8D09DA81A1EF6790 /* CitationDropDelegate.swift */; };
		8928B198D2920E61AEF69F58 /* CRDTRecoveryTests.swift in Sources */ = {isa = PBXBuildFile; fileRef = 3E28CCB56E31CC31204BAD0F /* CRDTRecoveryTests.swift */; };
		8F20EA2AFA517DD0AF9426B9 /* ImprintDocument.swift in Sources */ = {isa = PBXBuildFile; fileRef = BAFDFA5583B6B78070FB4386 /* ImprintDocument.swift */; };
		8F45F61FD4EF7A2858A8F82A /* DocumentBackupService.swift in Sources */ = {isa = PBXBuildFile; fileRef = 97ECCC3437E5C09792892E73 /* DocumentBackupService.swift */; };
		925405CAFD4044F57E895F46 /* URLSchemeHandler.swift in Sources */ = {isa = PBXBuildFile; fileRef = 239150EC33A76C09B10A04D3 /* URLSchemeHandler.swift */; };
		947A5A3522576AC14468992E /* ImprintApp.swift in Sources */ = {isa = PBXBuildFile; fileRef = F4FC5B4BACDCD64EFC7ED7AA /* ImprintApp.swift */; };
		976BF77D5B871B61C5DA7622 /* AIContextMenuView.swift in Sources */ = {isa = PBXBuildFile; fileRef = D6CAB3AACFDE45512C3F473C /* AIContextMenuView.swift */; };
		978B8256ECC6BE2988031975 /* SourceEditorTests.swift in Sources */ = {isa = PBXBuildFile; fileRef = F3ECFC3E191426917FFF5E36 /* SourceEditorTests.swift */; };
		99B593AE130DA6971CA0BED7 /* RewriteSuggestion.swift in Sources */ = {isa = PBXBuildFile; fileRef = 6E28FED10438FADDD921D285 /* RewriteSuggestion.swift */; };
		9DC4738FB57886E4181231F0 /* AIAssistantService.swift in Sources */ = {isa = PBXBuildFile; fileRef = EF13CA64F8F7339621172B72 /* AIAssistantService.swift */; };
		9F3A7D84EE98A650A1B0C680 /* AIContextMenuAction.swift in Sources */ = {isa = PBXBuildFile; fileRef = 62C2445A133E37394B8932EE /* AIContextMenuAction.swift */; };
		9FCF7F3C56D88CC94D89AA59 /* ImprintTests.swift in Sources */ = {isa = PBXBuildFile; fileRef = D77B566EAE25E5535C585466 /* ImprintTests.swift */; };
		A1A19E1F0C84715DCF1191BA /* SharedICloudService.swift in Sources */ = {isa = PBXBuildFile; fileRef = 06A51C054058B93F83514C17 /* SharedICloudService.swift */; };
		A23C90234D65FF3C4DD50B34 /* PresenceCursorView.swift in Sources */ = {isa = PBXBuildFile; fileRef = DBA0188A43B19C3BD8429D82 /* PresenceCursorView.swift */; };
		A3B13ABCF73FF545E92BE9CA /* TemplateService.swift in Sources */ = {isa = PBXBuildFile; fileRef = 15F37193D340E4137221365D /* TemplateService.swift */; };
		A5F81421BA3EC378004EC503 /* sample.typ in Resources */ = {isa = PBXBuildFile; fileRef = CBB80F6AE251B4E779BA8E7B /* sample.typ */; };
		A6D17EAFB073DD3CF7E53C28 /* AnnotationDeepLinkView.swift in Sources */ = {isa = PBXBuildFile; fileRef = 872CEF854A6B86A5673BB0BE /* AnnotationDeepLinkView.swift */; };
		A785E899D27579E0E336E9D2 /* SourceEditorView.swift in Sources */ = {isa = PBXBuildFile; fileRef = 476B0A4725E3758A6C900A80 /* SourceEditorView.swift */; };
		AA3CB1E714EE196C41F34357 /* IOSSketchView.swift in Sources */ = {isa = PBXBuildFile; fileRef = 5D1B9A8AA6F165168E7234E4 /* IOSSketchView.swift */; };
		AA53FA22AA5487DBC2A3B63F /* ContentPage.swift in Sources */ = {isa = PBXBuildFile; fileRef = E661FA9B3646D094B8277571 /* ContentPage.swift */; };
		AA73C3B4B8F8B46381B61579 /* ContentView.swift in Sources */ = {isa = PBXBuildFile; fileRef = 62A9A11A77F87344291DC15C /* ContentView.swift */; };
		ACD8F27EF59804E092CE466E /* SourceEditorPage.swift in Sources */ = {isa = PBXBuildFile; fileRef = 0774AA7EB13091DCF17D5BF5 /* SourceEditorPage.swift */; };
		ADCB62896D68A290D0E56BE1 /* VersionHistoryPage.swift in Sources */ = {isa = PBXBuildFile; fileRef = AE367ABDFE6CE75C7DAF4B48 /* VersionHistoryPage.swift */; };
		B0D41679CCA971388F37EB37 /* CommentBubbleView.swift in Sources */ = {isa = PBXBuildFile; fileRef = 43D2CB1A0DD560ED01A37CAD /* CommentBubbleView.swift */; };
		B1AD663D15F009B9CDEDC0B0 /* Assets.xcassets in Resources */ = {isa = PBXBuildFile; fileRef = 2CDE35399E25774A690015FB /* Assets.xcassets */; };
		B3185F5BD8B3E0F22CE54580 /* CRDTHealthValidator.swift in Sources */ = {isa = PBXBuildFile; fileRef = 9109B68CF7A42AC37C2C433E /* CRDTHealthValidator.swift */; };
		B659CDE4B0D08E6BC59C8059 /* AIAssistantServiceCompat.swift in Sources */ = {isa = PBXBuildFile; fileRef = 2D61B010FFF358A61F41C0F5 /* AIAssistantServiceCompat.swift */; };
		B66E9415FEC114E8E63BCE04 /* CitedPapersSection.swift in Sources */ = {isa = PBXBuildFile; fileRef = 8BB637BF76FC8B2F78F6DD3D /* CitedPapersSection.swift */; };
		B9CE014FBD408B92724ABDBB /* VersionHistoryView.swift in Sources */ = {isa = PBXBuildFile; fileRef = ADBC8CF5B6BD8346A6256AB0 /* VersionHistoryView.swift */; };
		BA0AA31C41F9B14CEE890B6A /* DocumentSchemaVersion.swift in Sources */ = {isa = PBXBuildFile; fileRef = D5629BB44B89101C75CC9C4B /* DocumentSchemaVersion.swift */; };
		BBCFBE76A59C029C640F29EE /* IOSDictationService.swift in Sources */ = {isa = PBXBuildFile; fileRef = 4CFF7CDBC40262CE1EDD138C /* IOSDictationService.swift */; };
		BD59776A65E459DB6AE50748 /* TemplateEditorView.swift in Sources */ = {isa = PBXBuildFile; fileRef = 4D429E18070AEA98069909B1 /* TemplateEditorView.swift */; };
		C7B5C4B164904845F5D87379 /* ImprintHTTPRouter.swift in Sources */ = {isa = PBXBuildFile; fileRef = 9718EB54121DE0009ACEC74C /* ImprintHTTPRouter.swift */; };
		C99DC74C2305D854A410E742 /* DocumentBackupService.swift in Sources */ = {isa = PBXBuildFile; fileRef = 97ECCC3437E5C09792892E73 /* DocumentBackupService.swift */; };
		CA8D306DA534A0638EA49ED3 /* ImprintIOSApp.swift in Sources */ = {isa = PBXBuildFile; fileRef = BE05DA97792947B660E9CC2B /* ImprintIOSApp.swift */; };
		CAA347526EEB7DC767D80DD3 /* PDFPreviewPage.swift in Sources */ = {isa = PBXBuildFile; fileRef = 188495CB2354F4B2E36C81EB /* PDFPreviewPage.swift */; };
		CB41F1A6D68B43C0455A061E /* Comment.swift in Sources */ = {isa = PBXBuildFile; fileRef = 33912709F95399D3A1A565B8 /* Comment.swift */; };
		CCA6B0EDBBADBD808AF0367C /* ai-prompts.yaml in Resources */ = {isa = PBXBuildFile; fileRef = C05846299E3149698C8BB0F7 /* ai-prompts.yaml */; };
		D29687730D196932BAC954D2 /* ImbibSettingsView.swift in Sources */ = {isa = PBXBuildFile; fileRef = 5DCADD127913DDE6A63AA4AB /* ImbibSettingsView.swift */; };
		D4DA6D72B673A728F197EFE1 /* ai-prompts.yaml in Resources */ = {isa = PBXBuildFile; fileRef = C05846299E3149698C8BB0F7 /* ai-prompts.yaml */; };
		D4DC9B24147706D80898571B /* ImprintiOSTests.swift in Sources */ = {isa = PBXBuildFile; fileRef = 006826C614F8C9636F82EB2B /* ImprintiOSTests.swift */; };
		D6FC472D3E359687DCE06E5C /* TemplateDetailView.swift in Sources */ = {isa = PBXBuildFile; fileRef = EA59DCE2DD41E56BE03141A8 /* TemplateDetailView.swift */; };
		DA54B3F0970D4053C2870CC8 /* AIChatSidebar.swift in Sources */ = {isa = PBXBuildFile; fileRef = 83DE2F80D1FC07D771919786 /* AIChatSidebar.swift */; };
		DBE602B468F54535243FE90F /* CitationPickerPage.swift in Sources */ = {isa = PBXBuildFile; fileRef = A027F6A1C5C0EF10B151554D /* CitationPickerPage.swift */; };
		E149ADFA2792EFE2BB0A896D /* ImpressTestKit in Frameworks */ = {isa = PBXBuildFile; productRef = AB28B5A664690507DCD22D94 /* ImpressTestKit */; };
		E1A95D5300E4D5342EF3A511 /* ContentView.swift in Sources */ = {isa = PBXBuildFile; fileRef = 62A9A11A77F87344291DC15C /* ContentView.swift */; };
		E35542CAA30A23F6A449700B /* IOSSourceEditorView.swift in Sources */ = {isa = PBXBuildFile; fileRef = 4C0AA693D1466C4CB0D381B5 /* IOSSourceEditorView.swift */; };
		E82E2F550F96C68E4721ECD7 /* AnnotationDeepLinkView.swift in Sources */ = {isa = PBXBuildFile; fileRef = 872CEF854A6B86A5673BB0BE /* AnnotationDeepLinkView.swift */; };
		EC81EA25F5B41154101A7382 /* ImprintRustCore in Frameworks */ = {isa = PBXBuildFile; productRef = D0794C19FA83D58DFE46289D /* ImprintRustCore */; };
		F165C73E5358B9DF6547091D /* ImprintAccessibilityID.swift in Sources */ = {isa = PBXBuildFile; fileRef = 081A80A304C7BAB778E12B73 /* ImprintAccessibilityID.swift */; };
		F1AFEF183D5E8F95D8B12087 /* MultitaskingSupport.swift in Sources */ = {isa = PBXBuildFile; fileRef = 52E6FB609C3966313852ECC6 /* MultitaskingSupport.swift */; };
		F55A19406E7B5182228EF247 /* AIContextMenuAction.swift in Sources */ = {isa = PBXBuildFile; fileRef = 62C2445A133E37394B8932EE /* AIContextMenuAction.swift */; };
		F8D01C6DA711ADB1F92BDE3D /* ImprintCore in Frameworks */ = {isa = PBXBuildFile; productRef = 9E3820151F783153325EA58F /* ImprintCore */; };
		FC2E6F0207D9D1699AAF4CD1 /* DocumentOutlineView.swift in Sources */ = {isa = PBXBuildFile; fileRef = CEAAC6E8DB572798AF29D88F /* DocumentOutlineView.swift */; };
		FF02C0E646E5793E59B16D37 /* DocumentMigrationTests.swift in Sources */ = {isa = PBXBuildFile; fileRef = CF842A6108FB6C9625DD0D58 /* DocumentMigrationTests.swift */; };
		FF97D12A1CD010CF7FBA8A82 /* SettingsPage.swift in Sources */ = {isa = PBXBuildFile; fileRef = 7BD68F0571FEC0EFE9F2E246 /* SettingsPage.swift */; };
		FFE64C32F643AF2957BC56F4 /* SharedICloudService.swift in Sources */ = {isa = PBXBuildFile; fileRef = 06A51C054058B93F83514C17 /* SharedICloudService.swift */; };
/* End PBXBuildFile section */

/* Begin PBXContainerItemProxy section */
		763C3A5CE41318DBBF658344 /* PBXContainerItemProxy */ = {
			isa = PBXContainerItemProxy;
			containerPortal = B9CC20E06336A133442FE812 /* Project object */;
			proxyType = 1;
			remoteGlobalIDString = 8F6B47B1A88086956E703EBC;
			remoteInfo = imprint;
		};
		8F4FA61F37D984B1AA931B3B /* PBXContainerItemProxy */ = {
			isa = PBXContainerItemProxy;
			containerPortal = B9CC20E06336A133442FE812 /* Project object */;
			proxyType = 1;
			remoteGlobalIDString = 8F6B47B1A88086956E703EBC;
			remoteInfo = imprint;
		};
		910ECD670611251FBE31D769 /* PBXContainerItemProxy */ = {
			isa = PBXContainerItemProxy;
			containerPortal = B9CC20E06336A133442FE812 /* Project object */;
			proxyType = 1;
			remoteGlobalIDString = 70AB98D22601A991C23E4991;
			remoteInfo = "imprint-iOS";
		};
/* End PBXContainerItemProxy section */

/* Begin PBXFileReference section */
		006826C614F8C9636F82EB2B /* ImprintiOSTests.swift */ = {isa = PBXFileReference; lastKnownFileType = sourcecode.swift; path = ImprintiOSTests.swift; sourceTree = "<group>"; };
		06A51C054058B93F83514C17 /* SharedICloudService.swift */ = {isa = PBXFileReference; lastKnownFileType = sourcecode.swift; path = SharedICloudService.swift; sourceTree = "<group>"; };
		0774AA7EB13091DCF17D5BF5 /* SourceEditorPage.swift */ = {isa = PBXFileReference; lastKnownFileType = sourcecode.swift; path = SourceEditorPage.swift; sourceTree = "<group>"; };
		07CEE4F4CD2716BEE538C8C6 /* ImprintCore */ = {isa = PBXFileReference; lastKnownFileType = folder; name = ImprintCore; path = Packages/ImprintCore; sourceTree = SOURCE_ROOT; };
		081A80A304C7BAB778E12B73 /* ImprintAccessibilityID.swift */ = {isa = PBXFileReference; lastKnownFileType = sourcecode.swift; path = ImprintAccessibilityID.swift; sourceTree = "<group>"; };
		094CAB5368BE43666D38D4A6 /* ImpressTestKit */ = {isa = PBXFileReference; lastKnownFileType = folder; name = ImpressTestKit; path = ../../packages/ImpressTestKit; sourceTree = SOURCE_ROOT; };
		0ABAB62568FF876CC4E0534F /* Assets.xcassets */ = {isa = PBXFileReference; lastKnownFileType = folder.assetcatalog; path = Assets.xcassets; sourceTree = "<group>"; };
		15F37193D340E4137221365D /* TemplateService.swift */ = {isa = PBXFileReference; lastKnownFileType = sourcecode.swift; path = TemplateService.swift; sourceTree = "<group>"; };
		1684598F5861E43A2FB6A580 /* imprint-iOSTests.xctest */ = {isa = PBXFileReference; includeInIndex = 0; lastKnownFileType = wrapper.cfbundle; path = "imprint-iOSTests.xctest"; sourceTree = BUILT_PRODUCTS_DIR; };
		188495CB2354F4B2E36C81EB /* PDFPreviewPage.swift */ = {isa = PBXFileReference; lastKnownFileType = sourcecode.swift; path = PDFPreviewPage.swift; sourceTree = "<group>"; };
		1F82ED386EB879B10C406834 /* Assets.xcassets */ = {isa = PBXFileReference; lastKnownFileType = folder.assetcatalog; path = Assets.xcassets; sourceTree = "<group>"; };
		200DAE86D2EC4D99498A8D46 /* CitationPickerView.swift */ = {isa = PBXFileReference; lastKnownFileType = sourcecode.swift; path = CitationPickerView.swift; sourceTree = "<group>"; };
		239150EC33A76C09B10A04D3 /* URLSchemeHandler.swift */ = {isa = PBXFileReference; lastKnownFileType = sourcecode.swift; path = URLSchemeHandler.swift; sourceTree = "<group>"; };
		2B2E11D082E7A8072873D329 /* ImbibIntegrationService.swift */ = {isa = PBXFileReference; lastKnownFileType = sourcecode.swift; path = ImbibIntegrationService.swift; sourceTree = "<group>"; };
		2CDE35399E25774A690015FB /* Assets.xcassets */ = {isa = PBXFileReference; lastKnownFileType = folder.assetcatalog; path = Assets.xcassets; sourceTree = "<group>"; };
		2D61B010FFF358A61F41C0F5 /* AIAssistantServiceCompat.swift */ = {isa = PBXFileReference; lastKnownFileType = sourcecode.swift; path = AIAssistantServiceCompat.swift; sourceTree = "<group>"; };
		32C93B7AC3DB6D142E84E3AB /* CommentService.swift */ = {isa = PBXFileReference; lastKnownFileType = sourcecode.swift; path = CommentService.swift; sourceTree = "<group>"; };
		33912709F95399D3A1A565B8 /* Comment.swift */ = {isa = PBXFileReference; lastKnownFileType = sourcecode.swift; path = Comment.swift; sourceTree = "<group>"; };
		3B031DA11AFC25AE5C8F8513 /* PDFPreviewView.swift */ = {isa = PBXFileReference; lastKnownFileType = sourcecode.swift; path = PDFPreviewView.swift; sourceTree = "<group>"; };
		3DFCAA35BC380074A402134E /* ImprintRustCore */ = {isa = PBXFileReference; lastKnownFileType = folder; name = ImprintRustCore; path = ImprintRustCore; sourceTree = SOURCE_ROOT; };
		3E28CCB56E31CC31204BAD0F /* CRDTRecoveryTests.swift */ = {isa = PBXFileReference; lastKnownFileType = sourcecode.swift; path = CRDTRecoveryTests.swift; sourceTree = "<group>"; };
		41495F6911A6C11C5C143E17 /* imprintTests.xctest */ = {isa = PBXFileReference; explicitFileType = wrapper.cfbundle; includeInIndex = 0; path = imprintTests.xctest; sourceTree = BUILT_PRODUCTS_DIR; };
		41E65260B72CFD8912646A90 /* Info.plist */ = {isa = PBXFileReference; lastKnownFileType = text.plist; path = Info.plist; sourceTree = "<group>"; };
		43D2CB1A0DD560ED01A37CAD /* CommentBubbleView.swift */ = {isa = PBXFileReference; lastKnownFileType = sourcecode.swift; path = CommentBubbleView.swift; sourceTree = "<group>"; };
		45EE4CCA6B15BC4AA86F3878 /* ImpressAI */ = {isa = PBXFileReference; lastKnownFileType = folder; name = ImpressAI; path = ../../packages/ImpressAI; sourceTree = SOURCE_ROOT; };
		476B0A4725E3758A6C900A80 /* SourceEditorView.swift */ = {isa = PBXFileReference; lastKnownFileType = sourcecode.swift; path = SourceEditorView.swift; sourceTree = "<group>"; };
		493F51CA8D09DA81A1EF6790 /* CitationDropDelegate.swift */ = {isa = PBXFileReference; lastKnownFileType = sourcecode.swift; path = CitationDropDelegate.swift; sourceTree = "<group>"; };
		4C0AA693D1466C4CB0D381B5 /* IOSSourceEditorView.swift */ = {isa = PBXFileReference; lastKnownFileType = sourcecode.swift; path = IOSSourceEditorView.swift; sourceTree = "<group>"; };
		4CFF7CDBC40262CE1EDD138C /* IOSDictationService.swift */ = {isa = PBXFileReference; lastKnownFileType = sourcecode.swift; path = IOSDictationService.swift; sourceTree = "<group>"; };
		4D429E18070AEA98069909B1 /* TemplateEditorView.swift */ = {isa = PBXFileReference; lastKnownFileType = sourcecode.swift; path = TemplateEditorView.swift; sourceTree = "<group>"; };
		52E6FB609C3966313852ECC6 /* MultitaskingSupport.swift */ = {isa = PBXFileReference; lastKnownFileType = sourcecode.swift; path = MultitaskingSupport.swift; sourceTree = "<group>"; };
		582698D365DEDDA38342ED75 /* imprintUITests.xctest */ = {isa = PBXFileReference; explicitFileType = wrapper.cfbundle; includeInIndex = 0; path = imprintUITests.xctest; sourceTree = BUILT_PRODUCTS_DIR; };
		58B7C0F823D92EA37C65D39D /* PDFPreviewTests.swift */ = {isa = PBXFileReference; lastKnownFileType = sourcecode.swift; path = PDFPreviewTests.swift; sourceTree = "<group>"; };
		5D1B9A8AA6F165168E7234E4 /* IOSSketchView.swift */ = {isa = PBXFileReference; lastKnownFileType = sourcecode.swift; path = IOSSketchView.swift; sourceTree = "<group>"; };
		5DCADD127913DDE6A63AA4AB /* ImbibSettingsView.swift */ = {isa = PBXFileReference; lastKnownFileType = sourcecode.swift; path = ImbibSettingsView.swift; sourceTree = "<group>"; };
		62A9A11A77F87344291DC15C /* ContentView.swift */ = {isa = PBXFileReference; lastKnownFileType = sourcecode.swift; path = ContentView.swift; sourceTree = "<group>"; };
		62C2445A133E37394B8932EE /* AIContextMenuAction.swift */ = {isa = PBXFileReference; lastKnownFileType = sourcecode.swift; path = AIContextMenuAction.swift; sourceTree = "<group>"; };
		6332C2E6DEE229EFCD5B5EA6 /* AIContextMenuService.swift */ = {isa = PBXFileReference; lastKnownFileType = sourcecode.swift; path = AIContextMenuService.swift; sourceTree = "<group>"; };
		6B8B903DDCDF46C43E6916E0 /* DocumentWorkflowTests.swift */ = {isa = PBXFileReference; lastKnownFileType = sourcecode.swift; path = DocumentWorkflowTests.swift; sourceTree = "<group>"; };
		6D0529920CDD3DAE47B66AF6 /* FocusModeView.swift */ = {isa = PBXFileReference; lastKnownFileType = sourcecode.swift; path = FocusModeView.swift; sourceTree = "<group>"; };
		6E28FED10438FADDD921D285 /* RewriteSuggestion.swift */ = {isa = PBXFileReference; lastKnownFileType = sourcecode.swift; path = RewriteSuggestion.swift; sourceTree = "<group>"; };
		6F291EFCFB450ADB4550E21B /* imprint-iOS.app */ = {isa = PBXFileReference; includeInIndex = 0; lastKnownFileType = wrapper.application; path = "imprint-iOS.app"; sourceTree = BUILT_PRODUCTS_DIR; };
		72D122627FFE6D51DD0DBD9A /* ImpressAutomation */ = {isa = PBXFileReference; lastKnownFileType = folder; name = ImpressAutomation; path = ../../packages/ImpressAutomation; sourceTree = SOURCE_ROOT; };
		75B9B47EF789C1C8653214C0 /* CommentsSidebarView.swift */ = {isa = PBXFileReference; lastKnownFileType = sourcecode.swift; path = CommentsSidebarView.swift; sourceTree = "<group>"; };
		77B80C7D0E33E8CC20C5FEDE /* TemplateBrowserView.swift */ = {isa = PBXFileReference; lastKnownFileType = sourcecode.swift; path = TemplateBrowserView.swift; sourceTree = "<group>"; };
		793F3105ECF5D34AB750E20D /* CollaborationService.swift */ = {isa = PBXFileReference; lastKnownFileType = sourcecode.swift; path = CollaborationService.swift; sourceTree = "<group>"; };
		7985931850E6899B8390851E /* imprint.entitlements */ = {isa = PBXFileReference; lastKnownFileType = text.plist.entitlements; path = imprint.entitlements; sourceTree = "<group>"; };
		7BD68F0571FEC0EFE9F2E246 /* SettingsPage.swift */ = {isa = PBXFileReference; lastKnownFileType = sourcecode.swift; path = SettingsPage.swift; sourceTree = "<group>"; };
		800A1B08DC3EC98E2A098ECF /* ImprintTestApp.swift */ = {isa = PBXFileReference; lastKnownFileType = sourcecode.swift; path = ImprintTestApp.swift; sourceTree = "<group>"; };
		83DE2F80D1FC07D771919786 /* AIChatSidebar.swift */ = {isa = PBXFileReference; lastKnownFileType = sourcecode.swift; path = AIChatSidebar.swift; sourceTree = "<group>"; };
		872CEF854A6B86A5673BB0BE /* AnnotationDeepLinkView.swift */ = {isa = PBXFileReference; lastKnownFileType = sourcecode.swift; path = AnnotationDeepLinkView.swift; sourceTree = "<group>"; };
		8BB637BF76FC8B2F78F6DD3D /* CitedPapersSection.swift */ = {isa = PBXFileReference; lastKnownFileType = sourcecode.swift; path = CitedPapersSection.swift; sourceTree = "<group>"; };
		8CA388791DF20F160AADFBF8 /* imprint-iOS.entitlements */ = {isa = PBXFileReference; lastKnownFileType = text.plist.entitlements; path = "imprint-iOS.entitlements"; sourceTree = "<group>"; };
		8CD16DAB51FC93B2BB77F8B8 /* ImprintTestDataFactory.swift */ = {isa = PBXFileReference; lastKnownFileType = sourcecode.swift; path = ImprintTestDataFactory.swift; sourceTree = "<group>"; };
		9044E468BE465B7BA8A29D76 /* SettingsView.swift */ = {isa = PBXFileReference; lastKnownFileType = sourcecode.swift; path = SettingsView.swift; sourceTree = "<group>"; };
		9109B68CF7A42AC37C2C433E /* CRDTHealthValidator.swift */ = {isa = PBXFileReference; lastKnownFileType = sourcecode.swift; path = CRDTHealthValidator.swift; sourceTree = "<group>"; };
		9718EB54121DE0009ACEC74C /* ImprintHTTPRouter.swift */ = {isa = PBXFileReference; lastKnownFileType = sourcecode.swift; path = ImprintHTTPRouter.swift; sourceTree = "<group>"; };
		97ECCC3437E5C09792892E73 /* DocumentBackupService.swift */ = {isa = PBXFileReference; lastKnownFileType = sourcecode.swift; path = DocumentBackupService.swift; sourceTree = "<group>"; };
		A027F6A1C5C0EF10B151554D /* CitationPickerPage.swift */ = {isa = PBXFileReference; lastKnownFileType = sourcecode.swift; path = CitationPickerPage.swift; sourceTree = "<group>"; };
		A19FFC90CA624B7D3B64393F /* DirectPDFView.swift */ = {isa = PBXFileReference; lastKnownFileType = sourcecode.swift; path = DirectPDFView.swift; sourceTree = "<group>"; };
		A36EE826300F91D62BAB88E5 /* IOSContentView.swift */ = {isa = PBXFileReference; lastKnownFileType = sourcecode.swift; path = IOSContentView.swift; sourceTree = "<group>"; };
		A6C1C382D917860B9054B1CC /* imprint.app */ = {isa = PBXFileReference; explicitFileType = wrapper.application; includeInIndex = 0; path = imprint.app; sourceTree = BUILT_PRODUCTS_DIR; };
		A83DD964817663C020DEEF41 /* ToolbarTests.swift */ = {isa = PBXFileReference; lastKnownFileType = sourcecode.swift; path = ToolbarTests.swift; sourceTree = "<group>"; };
		ADBC8CF5B6BD8346A6256AB0 /* VersionHistoryView.swift */ = {isa = PBXFileReference; lastKnownFileType = sourcecode.swift; path = VersionHistoryView.swift; sourceTree = "<group>"; };
		AE367ABDFE6CE75C7DAF4B48 /* VersionHistoryPage.swift */ = {isa = PBXFileReference; lastKnownFileType = sourcecode.swift; path = VersionHistoryPage.swift; sourceTree = "<group>"; };
		B43D62711309C28A78DBA3BC /* ImpressHelixCore */ = {isa = PBXFileReference; lastKnownFileType = folder; name = ImpressHelixCore; path = ../../packages/ImpressHelixCore; sourceTree = SOURCE_ROOT; };
		BAFDFA5583B6B78070FB4386 /* ImprintDocument.swift */ = {isa = PBXFileReference; lastKnownFileType = sourcecode.swift; path = ImprintDocument.swift; sourceTree = "<group>"; };
		BE05DA97792947B660E9CC2B /* ImprintIOSApp.swift */ = {isa = PBXFileReference; lastKnownFileType = sourcecode.swift; path = ImprintIOSApp.swift; sourceTree = "<group>"; };
		C05846299E3149698C8BB0F7 /* ai-prompts.yaml */ = {isa = PBXFileReference; lastKnownFileType = text.yaml; path = "ai-prompts.yaml"; sourceTree = "<group>"; };
		C069C2E038D2FD080AAC436C /* AccessibilityAuditTests.swift */ = {isa = PBXFileReference; lastKnownFileType = sourcecode.swift; path = AccessibilityAuditTests.swift; sourceTree = "<group>"; };
		C46D62BF08FD98C8ACE03E2B /* BibliographyGenerator.swift */ = {isa = PBXFileReference; lastKnownFileType = sourcecode.swift; path = BibliographyGenerator.swift; sourceTree = "<group>"; };
		CBB80F6AE251B4E779BA8E7B /* sample.typ */ = {isa = PBXFileReference; path = sample.typ; sourceTree = "<group>"; };
		CEAAC6E8DB572798AF29D88F /* DocumentOutlineView.swift */ = {isa = PBXFileReference; lastKnownFileType = sourcecode.swift; path = DocumentOutlineView.swift; sourceTree = "<group>"; };
		CF842A6108FB6C9625DD0D58 /* DocumentMigrationTests.swift */ = {isa = PBXFileReference; lastKnownFileType = sourcecode.swift; path = DocumentMigrationTests.swift; sourceTree = "<group>"; };
		D5629BB44B89101C75CC9C4B /* DocumentSchemaVersion.swift */ = {isa = PBXFileReference; lastKnownFileType = sourcecode.swift; path = DocumentSchemaVersion.swift; sourceTree = "<group>"; };
		D6CAB3AACFDE45512C3F473C /* AIContextMenuView.swift */ = {isa = PBXFileReference; lastKnownFileType = sourcecode.swift; path = AIContextMenuView.swift; sourceTree = "<group>"; };
		D745F0B64A19A39ADCC988DB /* Info.plist */ = {isa = PBXFileReference; lastKnownFileType = text.plist; path = Info.plist; sourceTree = "<group>"; };
		D77B566EAE25E5535C585466 /* ImprintTests.swift */ = {isa = PBXFileReference; lastKnownFileType = sourcecode.swift; path = ImprintTests.swift; sourceTree = "<group>"; };
		DBA0188A43B19C3BD8429D82 /* PresenceCursorView.swift */ = {isa = PBXFileReference; lastKnownFileType = sourcecode.swift; path = PresenceCursorView.swift; sourceTree = "<group>"; };
		E5F2E62B0712CC210A21B369 /* RewriteSuggestionView.swift */ = {isa = PBXFileReference; lastKnownFileType = sourcecode.swift; path = RewriteSuggestionView.swift; sourceTree = "<group>"; };
		E661FA9B3646D094B8277571 /* ContentPage.swift */ = {isa = PBXFileReference; lastKnownFileType = sourcecode.swift; path = ContentPage.swift; sourceTree = "<group>"; };
		EA59DCE2DD41E56BE03141A8 /* TemplateDetailView.swift */ = {isa = PBXFileReference; lastKnownFileType = sourcecode.swift; path = TemplateDetailView.swift; sourceTree = "<group>"; };
		EC917526021AE8E09574FC8A /* ImprintHTTPServer.swift */ = {isa = PBXFileReference; lastKnownFileType = sourcecode.swift; path = ImprintHTTPServer.swift; sourceTree = "<group>"; };
		ED675147A727CA394129D2F8 /* IOSScribbleSupport.swift */ = {isa = PBXFileReference; lastKnownFileType = sourcecode.swift; path = IOSScribbleSupport.swift; sourceTree = "<group>"; };
		EF13CA64F8F7339621172B72 /* AIAssistantService.swift */ = {isa = PBXFileReference; lastKnownFileType = sourcecode.swift; path = AIAssistantService.swift; sourceTree = "<group>"; };
		F3ECFC3E191426917FFF5E36 /* SourceEditorTests.swift */ = {isa = PBXFileReference; lastKnownFileType = sourcecode.swift; path = SourceEditorTests.swift; sourceTree = "<group>"; };
		F4FC5B4BACDCD64EFC7ED7AA /* ImprintApp.swift */ = {isa = PBXFileReference; lastKnownFileType = sourcecode.swift; path = ImprintApp.swift; sourceTree = "<group>"; };
		F880885989065F54463C8A62 /* CollaboratorAvatarsView.swift */ = {isa = PBXFileReference; lastKnownFileType = sourcecode.swift; path = CollaboratorAvatarsView.swift; sourceTree = "<group>"; };
/* End PBXFileReference section */

/* Begin PBXFrameworksBuildPhase section */
		509C26566FD7CBB2F0F24061 /* Frameworks */ = {
			isa = PBXFrameworksBuildPhase;
			buildActionMask = 2147483647;
			files = (
				27282A611C7FFF71635C18FB /* ImprintCore in Frameworks */,
				7251063F9310D1B3A1BC2F75 /* ImprintRustCore in Frameworks */,
				14B3E859D53E3041FABA8877 /* ImpressHelixCore in Frameworks */,
				7014CD448D1AB9C9301E1D55 /* ImpressAI in Frameworks */,
				1BEF3CCADC63104C41D451D0 /* ImpressAutomation in Frameworks */,
			);
			runOnlyForDeploymentPostprocessing = 0;
		};
		8C7EEC2263BF373FBBF95FC1 /* Frameworks */ = {
			isa = PBXFrameworksBuildPhase;
			buildActionMask = 2147483647;
			files = (
				F8D01C6DA711ADB1F92BDE3D /* ImprintCore in Frameworks */,
				EC81EA25F5B41154101A7382 /* ImprintRustCore in Frameworks */,
				81988862902E9B79BAE49C21 /* ImpressHelixCore in Frameworks */,
				670645D1EC4F70CD73D59151 /* ImpressAI in Frameworks */,
				5E55353DBE87BB19393504BB /* ImpressAutomation in Frameworks */,
			);
			runOnlyForDeploymentPostprocessing = 0;
		};
		9CE0F0397D2EE7C68EBD4FD6 /* Frameworks */ = {
			isa = PBXFrameworksBuildPhase;
			buildActionMask = 2147483647;
			files = (
				E149ADFA2792EFE2BB0A896D /* ImpressTestKit in Frameworks */,
			);
			runOnlyForDeploymentPostprocessing = 0;
		};
/* End PBXFrameworksBuildPhase section */

/* Begin PBXGroup section */
		017A04DFC9CCFE13BA90CADA /* Services */ = {
			isa = PBXGroup;
			children = (
				EF13CA64F8F7339621172B72 /* AIAssistantService.swift */,
				2D61B010FFF358A61F41C0F5 /* AIAssistantServiceCompat.swift */,
				6332C2E6DEE229EFCD5B5EA6 /* AIContextMenuService.swift */,
				C46D62BF08FD98C8ACE03E2B /* BibliographyGenerator.swift */,
				793F3105ECF5D34AB750E20D /* CollaborationService.swift */,
				32C93B7AC3DB6D142E84E3AB /* CommentService.swift */,
				2B2E11D082E7A8072873D329 /* ImbibIntegrationService.swift */,
				15F37193D340E4137221365D /* TemplateService.swift */,
			);
			path = Services;
			sourceTree = "<group>";
		};
		0AF4639F16431E7897B331B2 /* Resources */ = {
			isa = PBXGroup;
			children = (
				C05846299E3149698C8BB0F7 /* ai-prompts.yaml */,
			);
			path = Resources;
			sourceTree = "<group>";
		};
		18180B1A4E3CF4F5E43D53A3 /* Resources */ = {
			isa = PBXGroup;
			children = (
				CBB80F6AE251B4E779BA8E7B /* sample.typ */,
			);
			path = Resources;
			sourceTree = "<group>";
		};
		1ABA1C8A9A10A80BEF8D3876 /* Infrastructure */ = {
			isa = PBXGroup;
			children = (
				081A80A304C7BAB778E12B73 /* ImprintAccessibilityID.swift */,
				800A1B08DC3EC98E2A098ECF /* ImprintTestApp.swift */,
				8CD16DAB51FC93B2BB77F8B8 /* ImprintTestDataFactory.swift */,
			);
			path = Infrastructure;
			sourceTree = "<group>";
		};
		1F91FF169EAAC1F03BDFEB26 /* Packages */ = {
			isa = PBXGroup;
			children = (
				45EE4CCA6B15BC4AA86F3878 /* ImpressAI */,
				72D122627FFE6D51DD0DBD9A /* ImpressAutomation */,
				B43D62711309C28A78DBA3BC /* ImpressHelixCore */,
				094CAB5368BE43666D38D4A6 /* ImpressTestKit */,
				07CEE4F4CD2716BEE538C8C6 /* ImprintCore */,
				3DFCAA35BC380074A402134E /* ImprintRustCore */,
			);
			path = Packages;
			sourceTree = "<group>";
		};
		37C5135AF5690FE66AFB0BE1 /* Views */ = {
			isa = PBXGroup;
			children = (
				872CEF854A6B86A5673BB0BE /* AnnotationDeepLinkView.swift */,
			);
			path = Views;
			sourceTree = "<group>";
		};
		6C7BEE3D8753ABB9DC77D03B = {
			isa = PBXGroup;
			children = (
				9B930F6B9CFA7C5A22A272A2 /* imprint-iOS */,
				BDB63D3ED8661D0E37754B76 /* imprint-iOSTests */,
				91B197B3840FFA10AC2FD7A2 /* imprintUITests */,
				7AD4AB068738338417C62E72 /* macOS */,
				1F91FF169EAAC1F03BDFEB26 /* Packages */,
				FFE8FDB97E76B4CC66DCFEFD /* Shared */,
				E405376E25120F26AE78D047 /* Tests */,
				A8D30776BA85CC107874B788 /* Products */,
			);
			sourceTree = "<group>";
		};
		7A20FFC8B4840AE0D860666D /* Tests */ = {
			isa = PBXGroup;
			children = (
				B28191CB863AC785560C5638 /* Accessibility */,
				D954E1F7F018C3102C8F76EB /* Components */,
				9B5D97BB3A5E9A27F2D6C947 /* Workflows */,
			);
			path = Tests;
			sourceTree = "<group>";
		};
		7AD4AB068738338417C62E72 /* macOS */ = {
			isa = PBXGroup;
			children = (
				9F403B3554F97CFB87AC812E /* Models */,
				017A04DFC9CCFE13BA90CADA /* Services */,
				F6DBB9FA7C6CC4D3AA4A6DD7 /* Views */,
				0ABAB62568FF876CC4E0534F /* Assets.xcassets */,
				7985931850E6899B8390851E /* imprint.entitlements */,
				41E65260B72CFD8912646A90 /* Info.plist */,
			);
			path = macOS;
			sourceTree = "<group>";
		};
		8F76BF30D94A760A4CD2092D /* Models */ = {
			isa = PBXGroup;
			children = (
				62C2445A133E37394B8932EE /* AIContextMenuAction.swift */,
				D5629BB44B89101C75CC9C4B /* DocumentSchemaVersion.swift */,
				BAFDFA5583B6B78070FB4386 /* ImprintDocument.swift */,
				6E28FED10438FADDD921D285 /* RewriteSuggestion.swift */,
			);
			path = Models;
			sourceTree = "<group>";
		};
		8FD0566F0F0E205E0ACBFF03 /* Services */ = {
			isa = PBXGroup;
			children = (
				9109B68CF7A42AC37C2C433E /* CRDTHealthValidator.swift */,
				97ECCC3437E5C09792892E73 /* DocumentBackupService.swift */,
				9718EB54121DE0009ACEC74C /* ImprintHTTPRouter.swift */,
				EC917526021AE8E09574FC8A /* ImprintHTTPServer.swift */,
				06A51C054058B93F83514C17 /* SharedICloudService.swift */,
				239150EC33A76C09B10A04D3 /* URLSchemeHandler.swift */,
			);
			path = Services;
			sourceTree = "<group>";
		};
		91B197B3840FFA10AC2FD7A2 /* imprintUITests */ = {
			isa = PBXGroup;
			children = (
				1ABA1C8A9A10A80BEF8D3876 /* Infrastructure */,
				FCEE9D7F18DA8F4155F6E47E /* Pages */,
				18180B1A4E3CF4F5E43D53A3 /* Resources */,
				7A20FFC8B4840AE0D860666D /* Tests */,
			);
			path = imprintUITests;
			sourceTree = "<group>";
		};
		9B5D97BB3A5E9A27F2D6C947 /* Workflows */ = {
			isa = PBXGroup;
			children = (
				6B8B903DDCDF46C43E6916E0 /* DocumentWorkflowTests.swift */,
			);
			path = Workflows;
			sourceTree = "<group>";
		};
		9B930F6B9CFA7C5A22A272A2 /* imprint-iOS */ = {
			isa = PBXGroup;
			children = (
				E0B17C51B36DBE3875B10666 /* Services */,
				FEC03264609491E9D15C7988 /* Views */,
				1F82ED386EB879B10C406834 /* Assets.xcassets */,
				8CA388791DF20F160AADFBF8 /* imprint-iOS.entitlements */,
				BE05DA97792947B660E9CC2B /* ImprintIOSApp.swift */,
				D745F0B64A19A39ADCC988DB /* Info.plist */,
				52E6FB609C3966313852ECC6 /* MultitaskingSupport.swift */,
			);
			path = "imprint-iOS";
			sourceTree = "<group>";
		};
		9F403B3554F97CFB87AC812E /* Models */ = {
			isa = PBXGroup;
			children = (
				33912709F95399D3A1A565B8 /* Comment.swift */,
			);
			path = Models;
			sourceTree = "<group>";
		};
		A8D30776BA85CC107874B788 /* Products */ = {
			isa = PBXGroup;
			children = (
				6F291EFCFB450ADB4550E21B /* imprint-iOS.app */,
				1684598F5861E43A2FB6A580 /* imprint-iOSTests.xctest */,
				A6C1C382D917860B9054B1CC /* imprint.app */,
				41495F6911A6C11C5C143E17 /* imprintTests.xctest */,
				582698D365DEDDA38342ED75 /* imprintUITests.xctest */,
			);
			name = Products;
			sourceTree = "<group>";
		};
		B28191CB863AC785560C5638 /* Accessibility */ = {
			isa = PBXGroup;
			children = (
				C069C2E038D2FD080AAC436C /* AccessibilityAuditTests.swift */,
			);
			path = Accessibility;
			sourceTree = "<group>";
		};
		BDB63D3ED8661D0E37754B76 /* imprint-iOSTests */ = {
			isa = PBXGroup;
			children = (
				006826C614F8C9636F82EB2B /* ImprintiOSTests.swift */,
			);
			path = "imprint-iOSTests";
			sourceTree = "<group>";
		};
		D954E1F7F018C3102C8F76EB /* Components */ = {
			isa = PBXGroup;
			children = (
				58B7C0F823D92EA37C65D39D /* PDFPreviewTests.swift */,
				F3ECFC3E191426917FFF5E36 /* SourceEditorTests.swift */,
				A83DD964817663C020DEEF41 /* ToolbarTests.swift */,
			);
			path = Components;
			sourceTree = "<group>";
		};
		E0B17C51B36DBE3875B10666 /* Services */ = {
			isa = PBXGroup;
			children = (
				4CFF7CDBC40262CE1EDD138C /* IOSDictationService.swift */,
			);
			path = Services;
			sourceTree = "<group>";
		};
		E405376E25120F26AE78D047 /* Tests */ = {
			isa = PBXGroup;
			children = (
				3E28CCB56E31CC31204BAD0F /* CRDTRecoveryTests.swift */,
				CF842A6108FB6C9625DD0D58 /* DocumentMigrationTests.swift */,
				D77B566EAE25E5535C585466 /* ImprintTests.swift */,
			);
			path = Tests;
			sourceTree = "<group>";
		};
		F6DBB9FA7C6CC4D3AA4A6DD7 /* Views */ = {
			isa = PBXGroup;
			children = (
				83DE2F80D1FC07D771919786 /* AIChatSidebar.swift */,
				D6CAB3AACFDE45512C3F473C /* AIContextMenuView.swift */,
				200DAE86D2EC4D99498A8D46 /* CitationPickerView.swift */,
				8BB637BF76FC8B2F78F6DD3D /* CitedPapersSection.swift */,
				F880885989065F54463C8A62 /* CollaboratorAvatarsView.swift */,
				43D2CB1A0DD560ED01A37CAD /* CommentBubbleView.swift */,
				75B9B47EF789C1C8653214C0 /* CommentsSidebarView.swift */,
				A19FFC90CA624B7D3B64393F /* DirectPDFView.swift */,
				CEAAC6E8DB572798AF29D88F /* DocumentOutlineView.swift */,
				6D0529920CDD3DAE47B66AF6 /* FocusModeView.swift */,
				5DCADD127913DDE6A63AA4AB /* ImbibSettingsView.swift */,
				3B031DA11AFC25AE5C8F8513 /* PDFPreviewView.swift */,
				DBA0188A43B19C3BD8429D82 /* PresenceCursorView.swift */,
				E5F2E62B0712CC210A21B369 /* RewriteSuggestionView.swift */,
				9044E468BE465B7BA8A29D76 /* SettingsView.swift */,
				476B0A4725E3758A6C900A80 /* SourceEditorView.swift */,
				77B80C7D0E33E8CC20C5FEDE /* TemplateBrowserView.swift */,
				EA59DCE2DD41E56BE03141A8 /* TemplateDetailView.swift */,
				4D429E18070AEA98069909B1 /* TemplateEditorView.swift */,
				ADBC8CF5B6BD8346A6256AB0 /* VersionHistoryView.swift */,
			);
			path = Views;
			sourceTree = "<group>";
		};
		FCEE9D7F18DA8F4155F6E47E /* Pages */ = {
			isa = PBXGroup;
			children = (
				A027F6A1C5C0EF10B151554D /* CitationPickerPage.swift */,
				E661FA9B3646D094B8277571 /* ContentPage.swift */,
				188495CB2354F4B2E36C81EB /* PDFPreviewPage.swift */,
				7BD68F0571FEC0EFE9F2E246 /* SettingsPage.swift */,
				0774AA7EB13091DCF17D5BF5 /* SourceEditorPage.swift */,
				AE367ABDFE6CE75C7DAF4B48 /* VersionHistoryPage.swift */,
			);
			path = Pages;
			sourceTree = "<group>";
		};
		FEC03264609491E9D15C7988 /* Views */ = {
			isa = PBXGroup;
			children = (
				493F51CA8D09DA81A1EF6790 /* CitationDropDelegate.swift */,
				A36EE826300F91D62BAB88E5 /* IOSContentView.swift */,
				ED675147A727CA394129D2F8 /* IOSScribbleSupport.swift */,
				5D1B9A8AA6F165168E7234E4 /* IOSSketchView.swift */,
				4C0AA693D1466C4CB0D381B5 /* IOSSourceEditorView.swift */,
			);
			path = Views;
			sourceTree = "<group>";
		};
		FFE8FDB97E76B4CC66DCFEFD /* Shared */ = {
			isa = PBXGroup;
			children = (
				8F76BF30D94A760A4CD2092D /* Models */,
				0AF4639F16431E7897B331B2 /* Resources */,
				8FD0566F0F0E205E0ACBFF03 /* Services */,
				37C5135AF5690FE66AFB0BE1 /* Views */,
				2CDE35399E25774A690015FB /* Assets.xcassets */,
				62A9A11A77F87344291DC15C /* ContentView.swift */,
				F4FC5B4BACDCD64EFC7ED7AA /* ImprintApp.swift */,
			);
			path = Shared;
			sourceTree = "<group>";
		};
/* End PBXGroup section */

/* Begin PBXNativeTarget section */
		3F693C7E5B1EA50340DBBC2F /* imprint-iOSTests */ = {
			isa = PBXNativeTarget;
			buildConfigurationList = 4D6D0BE392ECC9300530DA9A /* Build configuration list for PBXNativeTarget "imprint-iOSTests" */;
			buildPhases = (
				537C72A503C82A3C806A45CC /* Sources */,
			);
			buildRules = (
			);
			dependencies = (
				D4EAA7B785D9A5424573F8CE /* PBXTargetDependency */,
			);
			name = "imprint-iOSTests";
			packageProductDependencies = (
			);
			productName = "imprint-iOSTests";
			productReference = 1684598F5861E43A2FB6A580 /* imprint-iOSTests.xctest */;
			productType = "com.apple.product-type.bundle.unit-test";
		};
		5EBF5F5AB29A089358E3394D /* imprintUITests */ = {
			isa = PBXNativeTarget;
			buildConfigurationList = CEBDC94B6C23479CE4B4C33A /* Build configuration list for PBXNativeTarget "imprintUITests" */;
			buildPhases = (
				9F80172F7BF2516577050103 /* Sources */,
				E7DF2B81868086DBB8532046 /* Resources */,
				9CE0F0397D2EE7C68EBD4FD6 /* Frameworks */,
			);
			buildRules = (
			);
			dependencies = (
				1416F3F1DE031AFAC6B28BF3 /* PBXTargetDependency */,
			);
			name = imprintUITests;
			packageProductDependencies = (
				AB28B5A664690507DCD22D94 /* ImpressTestKit */,
			);
			productName = imprintUITests;
			productReference = 582698D365DEDDA38342ED75 /* imprintUITests.xctest */;
			productType = "com.apple.product-type.bundle.ui-testing";
		};
		70AB98D22601A991C23E4991 /* imprint-iOS */ = {
			isa = PBXNativeTarget;
			buildConfigurationList = F6E6DCA70BDCE5DEA7364948 /* Build configuration list for PBXNativeTarget "imprint-iOS" */;
			buildPhases = (
				9A842EC48659581F1184F391 /* Sources */,
				3077995262F2CA2EF2F04E2E /* Resources */,
				8C7EEC2263BF373FBBF95FC1 /* Frameworks */,
			);
			buildRules = (
			);
			dependencies = (
			);
			name = "imprint-iOS";
			packageProductDependencies = (
				9E3820151F783153325EA58F /* ImprintCore */,
				D0794C19FA83D58DFE46289D /* ImprintRustCore */,
				DFD5C6D3D462E5D7EA67B0B5 /* ImpressHelixCore */,
				552AC7A96D227AA4AB793F32 /* ImpressAI */,
				A9FB7D229BAC6AAF619BB78D /* ImpressAutomation */,
			);
			productName = "imprint-iOS";
			productReference = 6F291EFCFB450ADB4550E21B /* imprint-iOS.app */;
			productType = "com.apple.product-type.application";
		};
		8F6B47B1A88086956E703EBC /* imprint */ = {
			isa = PBXNativeTarget;
			buildConfigurationList = BD0E91D2F1413251168A8182 /* Build configuration list for PBXNativeTarget "imprint" */;
			buildPhases = (
				E6AECFF4C503F1344D485DB2 /* Sources */,
				F1A149B628AC8B54ECF9B79B /* Resources */,
				509C26566FD7CBB2F0F24061 /* Frameworks */,
			);
			buildRules = (
			);
			dependencies = (
			);
			name = imprint;
			packageProductDependencies = (
				353A89432C8827CE3B49F381 /* ImprintCore */,
				EF346A89A43BFDB8598F5C5A /* ImprintRustCore */,
				8EC9D1A11A01C2743A353F79 /* ImpressHelixCore */,
				92B5726FAC1ADA45A006C597 /* ImpressAI */,
				567E9E3CACE9EC2DE9C00042 /* ImpressAutomation */,
			);
			productName = imprint;
			productReference = A6C1C382D917860B9054B1CC /* imprint.app */;
			productType = "com.apple.product-type.application";
		};
		9E4949C0B5D2D2D1F6F68B5A /* imprintTests */ = {
			isa = PBXNativeTarget;
			buildConfigurationList = 1542199DDF2CEEBC0373D358 /* Build configuration list for PBXNativeTarget "imprintTests" */;
			buildPhases = (
				D8E9D26101D9101ACF49BE4C /* Sources */,
			);
			buildRules = (
			);
			dependencies = (
				59940F363422D9C35197A243 /* PBXTargetDependency */,
			);
			name = imprintTests;
			packageProductDependencies = (
			);
			productName = imprintTests;
			productReference = 41495F6911A6C11C5C143E17 /* imprintTests.xctest */;
			productType = "com.apple.product-type.bundle.unit-test";
		};
/* End PBXNativeTarget section */

/* Begin PBXProject section */
		B9CC20E06336A133442FE812 /* Project object */ = {
			isa = PBXProject;
			attributes = {
				BuildIndependentTargetsInParallel = YES;
				LastUpgradeCheck = 1500;
				TargetAttributes = {
					3F693C7E5B1EA50340DBBC2F = {
						DevelopmentTeam = QG3MEYVHMS;
						ProvisioningStyle = Automatic;
					};
					5EBF5F5AB29A089358E3394D = {
						DevelopmentTeam = QG3MEYVHMS;
						ProvisioningStyle = Automatic;
						TestTargetID = 8F6B47B1A88086956E703EBC;
					};
					70AB98D22601A991C23E4991 = {
						DevelopmentTeam = QG3MEYVHMS;
						ProvisioningStyle = Automatic;
					};
					8F6B47B1A88086956E703EBC = {
						DevelopmentTeam = QG3MEYVHMS;
						ProvisioningStyle = Automatic;
					};
					9E4949C0B5D2D2D1F6F68B5A = {
						DevelopmentTeam = QG3MEYVHMS;
						ProvisioningStyle = Automatic;
					};
				};
			};
			buildConfigurationList = 9A2B646DEB0B0C734E396477 /* Build configuration list for PBXProject "imprint" */;
			compatibilityVersion = "Xcode 14.0";
			developmentRegion = en;
			hasScannedForEncodings = 0;
			knownRegions = (
				Base,
				en,
			);
			mainGroup = 6C7BEE3D8753ABB9DC77D03B;
			minimizedProjectReferenceProxies = 1;
			packageReferences = (
				E44CBE747F02D43D5FC08034 /* XCLocalSwiftPackageReference "../../packages/ImpressAI" */,
				CE65C5A500D04AF5784F10C0 /* XCLocalSwiftPackageReference "../../packages/ImpressAutomation" */,
				17C5078BF6F62A4415E223B7 /* XCLocalSwiftPackageReference "../../packages/ImpressHelixCore" */,
				4587DE5DB9955180BDA2029E /* XCLocalSwiftPackageReference "../../packages/ImpressTestKit" */,
				1C5A62778997ED795072477F /* XCLocalSwiftPackageReference "Packages/ImprintCore" */,
				1089D26903AED4E0B6BE7C34 /* XCLocalSwiftPackageReference "ImprintRustCore" */,
			);
			preferredProjectObjectVersion = 77;
			projectDirPath = "";
			projectRoot = "";
			targets = (
				8F6B47B1A88086956E703EBC /* imprint */,
				70AB98D22601A991C23E4991 /* imprint-iOS */,
				3F693C7E5B1EA50340DBBC2F /* imprint-iOSTests */,
				9E4949C0B5D2D2D1F6F68B5A /* imprintTests */,
				5EBF5F5AB29A089358E3394D /* imprintUITests */,
			);
		};
/* End PBXProject section */

/* Begin PBXResourcesBuildPhase section */
		3077995262F2CA2EF2F04E2E /* Resources */ = {
			isa = PBXResourcesBuildPhase;
			buildActionMask = 2147483647;
			files = (
				B1AD663D15F009B9CDEDC0B0 /* Assets.xcassets in Resources */,
				4F249EC0D575D49A40C9ABFC /* Assets.xcassets in Resources */,
				D4DA6D72B673A728F197EFE1 /* ai-prompts.yaml in Resources */,
			);
			runOnlyForDeploymentPostprocessing = 0;
		};
		E7DF2B81868086DBB8532046 /* Resources */ = {
			isa = PBXResourcesBuildPhase;
			buildActionMask = 2147483647;
			files = (
				A5F81421BA3EC378004EC503 /* sample.typ in Resources */,
			);
			runOnlyForDeploymentPostprocessing = 0;
		};
		F1A149B628AC8B54ECF9B79B /* Resources */ = {
			isa = PBXResourcesBuildPhase;
			buildActionMask = 2147483647;
			files = (
				42D46C8AC8EC51C9C9131853 /* Assets.xcassets in Resources */,
				56353CA3433A02749BECD321 /* Assets.xcassets in Resources */,
				CCA6B0EDBBADBD808AF0367C /* ai-prompts.yaml in Resources */,
			);
			runOnlyForDeploymentPostprocessing = 0;
		};
/* End PBXResourcesBuildPhase section */

/* Begin PBXSourcesBuildPhase section */
		537C72A503C82A3C806A45CC /* Sources */ = {
			isa = PBXSourcesBuildPhase;
			buildActionMask = 2147483647;
			files = (
				D4DC9B24147706D80898571B /* ImprintiOSTests.swift in Sources */,
			);
			runOnlyForDeploymentPostprocessing = 0;
		};
		9A842EC48659581F1184F391 /* Sources */ = {
			isa = PBXSourcesBuildPhase;
			buildActionMask = 2147483647;
			files = (
				9F3A7D84EE98A650A1B0C680 /* AIContextMenuAction.swift in Sources */,
				A6D17EAFB073DD3CF7E53C28 /* AnnotationDeepLinkView.swift in Sources */,
				B3185F5BD8B3E0F22CE54580 /* CRDTHealthValidator.swift in Sources */,
				86D26E342BA2A82A244C3B82 /* CitationDropDelegate.swift in Sources */,
				E1A95D5300E4D5342EF3A511 /* ContentView.swift in Sources */,
				C99DC74C2305D854A410E742 /* DocumentBackupService.swift in Sources */,
				6E5B21D58232C44DE1311330 /* DocumentSchemaVersion.swift in Sources */,
				6DDFE3FEB48918B2F501DE1C /* IOSContentView.swift in Sources */,
				BBCFBE76A59C029C640F29EE /* IOSDictationService.swift in Sources */,
				086934B7845E5A7A443B7A87 /* IOSScribbleSupport.swift in Sources */,
				AA3CB1E714EE196C41F34357 /* IOSSketchView.swift in Sources */,
				E35542CAA30A23F6A449700B /* IOSSourceEditorView.swift in Sources */,
				79C2FE7D1436F806E52F363A /* ImprintApp.swift in Sources */,
				8F20EA2AFA517DD0AF9426B9 /* ImprintDocument.swift in Sources */,
				6A7C2B8D7C8B7E744821B048 /* ImprintHTTPRouter.swift in Sources */,
				03B4D22BE7F2EE52A5B191F3 /* ImprintHTTPServer.swift in Sources */,
				CA8D306DA534A0638EA49ED3 /* ImprintIOSApp.swift in Sources */,
				F1AFEF183D5E8F95D8B12087 /* MultitaskingSupport.swift in Sources */,
				0D3E7111E81F108775E5E69E /* RewriteSuggestion.swift in Sources */,
				FFE64C32F643AF2957BC56F4 /* SharedICloudService.swift in Sources */,
				925405CAFD4044F57E895F46 /* URLSchemeHandler.swift in Sources */,
			);
			runOnlyForDeploymentPostprocessing = 0;
		};
		9F80172F7BF2516577050103 /* Sources */ = {
			isa = PBXSourcesBuildPhase;
			buildActionMask = 2147483647;
			files = (
				5005F267DBDCB950CD944B26 /* AccessibilityAuditTests.swift in Sources */,
				DBE602B468F54535243FE90F /* CitationPickerPage.swift in Sources */,
				AA53FA22AA5487DBC2A3B63F /* ContentPage.swift in Sources */,
				4694810B7FC99C6B5705C9BF /* DocumentWorkflowTests.swift in Sources */,
				F165C73E5358B9DF6547091D /* ImprintAccessibilityID.swift in Sources */,
				841C53AE700FDDD6CDA4FB4F /* ImprintTestApp.swift in Sources */,
				339D2EAB6595CAE1D6384774 /* ImprintTestDataFactory.swift in Sources */,
				CAA347526EEB7DC767D80DD3 /* PDFPreviewPage.swift in Sources */,
				092CC673426350EE7BB2B1E9 /* PDFPreviewTests.swift in Sources */,
				FF97D12A1CD010CF7FBA8A82 /* SettingsPage.swift in Sources */,
				ACD8F27EF59804E092CE466E /* SourceEditorPage.swift in Sources */,
				978B8256ECC6BE2988031975 /* SourceEditorTests.swift in Sources */,
				6623CC7404A5C7F43BF0D9A4 /* ToolbarTests.swift in Sources */,
				ADCB62896D68A290D0E56BE1 /* VersionHistoryPage.swift in Sources */,
			);
			runOnlyForDeploymentPostprocessing = 0;
		};
		D8E9D26101D9101ACF49BE4C /* Sources */ = {
			isa = PBXSourcesBuildPhase;
			buildActionMask = 2147483647;
			files = (
				8928B198D2920E61AEF69F58 /* CRDTRecoveryTests.swift in Sources */,
				FF02C0E646E5793E59B16D37 /* DocumentMigrationTests.swift in Sources */,
				9FCF7F3C56D88CC94D89AA59 /* ImprintTests.swift in Sources */,
			);
			runOnlyForDeploymentPostprocessing = 0;
		};
		E6AECFF4C503F1344D485DB2 /* Sources */ = {
			isa = PBXSourcesBuildPhase;
			buildActionMask = 2147483647;
			files = (
				9DC4738FB57886E4181231F0 /* AIAssistantService.swift in Sources */,
				B659CDE4B0D08E6BC59C8059 /* AIAssistantServiceCompat.swift in Sources */,
				DA54B3F0970D4053C2870CC8 /* AIChatSidebar.swift in Sources */,
				F55A19406E7B5182228EF247 /* AIContextMenuAction.swift in Sources */,
				7D486CE34F85943424FC01DE /* AIContextMenuService.swift in Sources */,
				976BF77D5B871B61C5DA7622 /* AIContextMenuView.swift in Sources */,
				E82E2F550F96C68E4721ECD7 /* AnnotationDeepLinkView.swift in Sources */,
				7E90E564D651C63C161D3455 /* BibliographyGenerator.swift in Sources */,
				65585EEE730B74A282BAC99F /* CRDTHealthValidator.swift in Sources */,
				3A862E987B562B19E3E1256A /* CitationPickerView.swift in Sources */,
				B66E9415FEC114E8E63BCE04 /* CitedPapersSection.swift in Sources */,
				0405F0819FEDBD474347CCF6 /* CollaborationService.swift in Sources */,
				530E289C7BC0A6E42C3D5F86 /* CollaboratorAvatarsView.swift in Sources */,
				CB41F1A6D68B43C0455A061E /* Comment.swift in Sources */,
				B0D41679CCA971388F37EB37 /* CommentBubbleView.swift in Sources */,
				6F722EED7B19CC8B0D79C8F5 /* CommentService.swift in Sources */,
				0EBC5681A147FB9CE44BD764 /* CommentsSidebarView.swift in Sources */,
				AA73C3B4B8F8B46381B61579 /* ContentView.swift in Sources */,
				1946CF4DBE13E58B0D8E1923 /* DirectPDFView.swift in Sources */,
				8F45F61FD4EF7A2858A8F82A /* DocumentBackupService.swift in Sources */,
				FC2E6F0207D9D1699AAF4CD1 /* DocumentOutlineView.swift in Sources */,
				BA0AA31C41F9B14CEE890B6A /* DocumentSchemaVersion.swift in Sources */,
				754EC6D3771E2B27AD633401 /* FocusModeView.swift in Sources */,
				5CD823FC6CB15DC00C386C14 /* ImbibIntegrationService.swift in Sources */,
				D29687730D196932BAC954D2 /* ImbibSettingsView.swift in Sources */,
				947A5A3522576AC14468992E /* ImprintApp.swift in Sources */,
				6ED0CF4A9A309E77604216E3 /* ImprintDocument.swift in Sources */,
				C7B5C4B164904845F5D87379 /* ImprintHTTPRouter.swift in Sources */,
				1031E4621144B112F76AD73B /* ImprintHTTPServer.swift in Sources */,
				6CDCA0A7FC412754E3C9AED1 /* PDFPreviewView.swift in Sources */,
				A23C90234D65FF3C4DD50B34 /* PresenceCursorView.swift in Sources */,
				99B593AE130DA6971CA0BED7 /* RewriteSuggestion.swift in Sources */,
				650034763BE125B177DA0E87 /* RewriteSuggestionView.swift in Sources */,
				5134D491C131D8304310BC37 /* SettingsView.swift in Sources */,
				A1A19E1F0C84715DCF1191BA /* SharedICloudService.swift in Sources */,
				A785E899D27579E0E336E9D2 /* SourceEditorView.swift in Sources */,
				69BD9583B3246D8F5AC50467 /* TemplateBrowserView.swift in Sources */,
				D6FC472D3E359687DCE06E5C /* TemplateDetailView.swift in Sources */,
				BD59776A65E459DB6AE50748 /* TemplateEditorView.swift in Sources */,
				A3B13ABCF73FF545E92BE9CA /* TemplateService.swift in Sources */,
				4BE2F3E6937C08C7969C8077 /* URLSchemeHandler.swift in Sources */,
				B9CE014FBD408B92724ABDBB /* VersionHistoryView.swift in Sources */,
			);
			runOnlyForDeploymentPostprocessing = 0;
		};
/* End PBXSourcesBuildPhase section */

/* Begin PBXTargetDependency section */
		1416F3F1DE031AFAC6B28BF3 /* PBXTargetDependency */ = {
			isa = PBXTargetDependency;
			target = 8F6B47B1A88086956E703EBC /* imprint */;
			targetProxy = 763C3A5CE41318DBBF658344 /* PBXContainerItemProxy */;
		};
		59940F363422D9C35197A243 /* PBXTargetDependency */ = {
			isa = PBXTargetDependency;
			target = 8F6B47B1A88086956E703EBC /* imprint */;
			targetProxy = 8F4FA61F37D984B1AA931B3B /* PBXContainerItemProxy */;
		};
		D4EAA7B785D9A5424573F8CE /* PBXTargetDependency */ = {
			isa = PBXTargetDependency;
			target = 70AB98D22601A991C23E4991 /* imprint-iOS */;
			targetProxy = 910ECD670611251FBE31D769 /* PBXContainerItemProxy */;
		};
/* End PBXTargetDependency section */

/* Begin XCBuildConfiguration section */
		1CDE55E6A520BF7671013330 /* Release */ = {
			isa = XCBuildConfiguration;
			buildSettings = {
				ASSETCATALOG_COMPILER_APPICON_NAME = AppIcon;
				CODE_SIGN_ENTITLEMENTS = "imprint-iOS/imprint-iOS.entitlements";
				CODE_SIGN_IDENTITY = "iPhone Developer";
				INFOPLIST_FILE = "imprint-iOS/Info.plist";
				IPHONEOS_DEPLOYMENT_TARGET = 17.0;
				LD_RUNPATH_SEARCH_PATHS = (
					"$(inherited)",
					"@executable_path/Frameworks",
				);
				PRODUCT_BUNDLE_IDENTIFIER = com.imbib.imprint;
				SDKROOT = iphoneos;
				SUPPORTS_MAC_DESIGNED_FOR_IPHONE_IPAD = NO;
				SUPPORTS_XR_DESIGNED_FOR_IPHONE_IPAD = NO;
				TARGETED_DEVICE_FAMILY = "1,2";
			};
			name = Release;
		};
		2116EB022F39C5795F3FE758 /* Debug */ = {
			isa = XCBuildConfiguration;
			buildSettings = {
				ASSETCATALOG_COMPILER_APPICON_NAME = AppIcon;
				CODE_SIGN_ENTITLEMENTS = macOS/imprint.entitlements;
				COMBINE_HIDPI_IMAGES = YES;
				ENABLE_HARDENED_RUNTIME = YES;
				INFOPLIST_FILE = macOS/Info.plist;
				LD_RUNPATH_SEARCH_PATHS = "@executable_path/../Frameworks";
				MACOSX_DEPLOYMENT_TARGET = 14.0;
				PRODUCT_BUNDLE_IDENTIFIER = com.imbib.imprint;
				SDKROOT = macosx;
			};
			name = Debug;
		};
		280DA729809E38B91907FC09 /* Debug */ = {
			isa = XCBuildConfiguration;
			buildSettings = {
				BUNDLE_LOADER = "$(TEST_HOST)";
				COMBINE_HIDPI_IMAGES = YES;
				GENERATE_INFOPLIST_FILE = YES;
				LD_RUNPATH_SEARCH_PATHS = (
					"$(inherited)",
					"@executable_path/Frameworks",
					"@loader_path/Frameworks",
				);
				PRODUCT_BUNDLE_IDENTIFIER = com.imbib.imprint.uitests;
				PRODUCT_MODULE_NAME = imprintUITests;
				SDKROOT = macosx;
				TEST_TARGET_NAME = imprint;
			};
			name = Debug;
		};
		46863AA737BE55B82BB65416 /* Debug */ = {
			isa = XCBuildConfiguration;
			buildSettings = {
				BUNDLE_LOADER = "$(TEST_HOST)";
				GENERATE_INFOPLIST_FILE = YES;
				LD_RUNPATH_SEARCH_PATHS = (
					"$(inherited)",
					"@executable_path/Frameworks",
					"@loader_path/Frameworks",
				);
				PRODUCT_BUNDLE_IDENTIFIER = com.imbib.imprint.iostests;
				SDKROOT = iphoneos;
				TARGETED_DEVICE_FAMILY = "1,2";
				TEST_HOST = "$(BUILT_PRODUCTS_DIR)/imprint-iOS.app/imprint-iOS";
			};
			name = Debug;
		};
		4C2805E318ABAD79DE7CC5D5 /* Release */ = {
			isa = XCBuildConfiguration;
			buildSettings = {
				BUNDLE_LOADER = "$(TEST_HOST)";
				COMBINE_HIDPI_IMAGES = YES;
				GENERATE_INFOPLIST_FILE = YES;
				LD_RUNPATH_SEARCH_PATHS = (
					"$(inherited)",
					"@executable_path/Frameworks",
					"@loader_path/Frameworks",
				);
				PRODUCT_BUNDLE_IDENTIFIER = com.imbib.imprint.uitests;
				PRODUCT_MODULE_NAME = imprintUITests;
				SDKROOT = macosx;
				TEST_TARGET_NAME = imprint;
			};
			name = Release;
		};
		77D3430EBC30E33BFC7CB5E5 /* Release */ = {
			isa = XCBuildConfiguration;
			buildSettings = {
				ASSETCATALOG_COMPILER_APPICON_NAME = AppIcon;
				CODE_SIGN_ENTITLEMENTS = macOS/imprint.entitlements;
				COMBINE_HIDPI_IMAGES = YES;
				ENABLE_HARDENED_RUNTIME = YES;
				INFOPLIST_FILE = macOS/Info.plist;
				LD_RUNPATH_SEARCH_PATHS = "@executable_path/../Frameworks";
				MACOSX_DEPLOYMENT_TARGET = 14.0;
				PRODUCT_BUNDLE_IDENTIFIER = com.imbib.imprint;
				SDKROOT = macosx;
			};
			name = Release;
		};
		88E32F6C4A3022D4B7B4F3E3 /* Release */ = {
			isa = XCBuildConfiguration;
			buildSettings = {
				ALWAYS_SEARCH_USER_PATHS = NO;
				CLANG_ANALYZER_NONNULL = YES;
				CLANG_ANALYZER_NUMBER_OBJECT_CONVERSION = YES_AGGRESSIVE;
				CLANG_CXX_LANGUAGE_STANDARD = "gnu++14";
				CLANG_CXX_LIBRARY = "libc++";
				CLANG_ENABLE_MODULES = YES;
				CLANG_ENABLE_OBJC_ARC = YES;
				CLANG_ENABLE_OBJC_WEAK = YES;
				CLANG_WARN_BLOCK_CAPTURE_AUTORELEASING = YES;
				CLANG_WARN_BOOL_CONVERSION = YES;
				CLANG_WARN_COMMA = YES;
				CLANG_WARN_CONSTANT_CONVERSION = YES;
				CLANG_WARN_DEPRECATED_OBJC_IMPLEMENTATIONS = YES;
				CLANG_WARN_DIRECT_OBJC_ISA_USAGE = YES_ERROR;
				CLANG_WARN_DOCUMENTATION_COMMENTS = YES;
				CLANG_WARN_EMPTY_BODY = YES;
				CLANG_WARN_ENUM_CONVERSION = YES;
				CLANG_WARN_INFINITE_RECURSION = YES;
				CLANG_WARN_INT_CONVERSION = YES;
				CLANG_WARN_NON_LITERAL_NULL_CONVERSION = YES;
				CLANG_WARN_OBJC_IMPLICIT_RETAIN_SELF = YES;
				CLANG_WARN_OBJC_LITERAL_CONVERSION = YES;
				CLANG_WARN_OBJC_ROOT_CLASS = YES_ERROR;
				CLANG_WARN_QUOTED_INCLUDE_IN_FRAMEWORK_HEADER = YES;
				CLANG_WARN_RANGE_LOOP_ANALYSIS = YES;
				CLANG_WARN_STRICT_PROTOTYPES = YES;
				CLANG_WARN_SUSPICIOUS_MOVE = YES;
				CLANG_WARN_UNGUARDED_AVAILABILITY = YES_AGGRESSIVE;
				CLANG_WARN_UNREACHABLE_CODE = YES;
				CLANG_WARN__DUPLICATE_METHOD_MATCH = YES;
				CODE_SIGN_STYLE = Automatic;
				COPY_PHASE_STRIP = NO;
				CURRENT_PROJECT_VERSION = 1;
				DEBUG_INFORMATION_FORMAT = "dwarf-with-dsym";
				DEVELOPMENT_TEAM = QG3MEYVHMS;
				ENABLE_NS_ASSERTIONS = NO;
				ENABLE_STRICT_OBJC_MSGSEND = YES;
				GCC_C_LANGUAGE_STANDARD = gnu11;
				GCC_NO_COMMON_BLOCKS = YES;
				GCC_WARN_64_TO_32_BIT_CONVERSION = YES;
				GCC_WARN_ABOUT_RETURN_TYPE = YES_ERROR;
				GCC_WARN_UNDECLARED_SELECTOR = YES;
				GCC_WARN_UNINITIALIZED_AUTOS = YES_AGGRESSIVE;
				GCC_WARN_UNUSED_FUNCTION = YES;
				GCC_WARN_UNUSED_VARIABLE = YES;
				IPHONEOS_DEPLOYMENT_TARGET = 17.0;
				MACOSX_DEPLOYMENT_TARGET = 14.0;
				MARKETING_VERSION = 1.0.0;
				MTL_ENABLE_DEBUG_INFO = NO;
				MTL_FAST_MATH = YES;
				PRODUCT_NAME = imprint;
				SWIFT_COMPILATION_MODE = wholemodule;
				SWIFT_OPTIMIZATION_LEVEL = "-O";
				SWIFT_VERSION = 5.9;
			};
			name = Release;
		};
		A8BD6D1ED07C20A7568DA4E4 /* Debug */ = {
			isa = XCBuildConfiguration;
			buildSettings = {
				ASSETCATALOG_COMPILER_APPICON_NAME = AppIcon;
				CODE_SIGN_ENTITLEMENTS = "imprint-iOS/imprint-iOS.entitlements";
				CODE_SIGN_IDENTITY = "iPhone Developer";
				INFOPLIST_FILE = "imprint-iOS/Info.plist";
				IPHONEOS_DEPLOYMENT_TARGET = 17.0;
				LD_RUNPATH_SEARCH_PATHS = (
					"$(inherited)",
					"@executable_path/Frameworks",
				);
				PRODUCT_BUNDLE_IDENTIFIER = com.imbib.imprint;
				SDKROOT = iphoneos;
				SUPPORTS_MAC_DESIGNED_FOR_IPHONE_IPAD = NO;
				SUPPORTS_XR_DESIGNED_FOR_IPHONE_IPAD = NO;
				TARGETED_DEVICE_FAMILY = "1,2";
			};
			name = Debug;
		};
		CE3BB13870529E700F9B97DD /* Debug */ = {
			isa = XCBuildConfiguration;
			buildSettings = {
				ALWAYS_SEARCH_USER_PATHS = NO;
				CLANG_ANALYZER_NONNULL = YES;
				CLANG_ANALYZER_NUMBER_OBJECT_CONVERSION = YES_AGGRESSIVE;
				CLANG_CXX_LANGUAGE_STANDARD = "gnu++14";
				CLANG_CXX_LIBRARY = "libc++";
				CLANG_ENABLE_MODULES = YES;
				CLANG_ENABLE_OBJC_ARC = YES;
				CLANG_ENABLE_OBJC_WEAK = YES;
				CLANG_WARN_BLOCK_CAPTURE_AUTORELEASING = YES;
				CLANG_WARN_BOOL_CONVERSION = YES;
				CLANG_WARN_COMMA = YES;
				CLANG_WARN_CONSTANT_CONVERSION = YES;
				CLANG_WARN_DEPRECATED_OBJC_IMPLEMENTATIONS = YES;
				CLANG_WARN_DIRECT_OBJC_ISA_USAGE = YES_ERROR;
				CLANG_WARN_DOCUMENTATION_COMMENTS = YES;
				CLANG_WARN_EMPTY_BODY = YES;
				CLANG_WARN_ENUM_CONVERSION = YES;
				CLANG_WARN_INFINITE_RECURSION = YES;
				CLANG_WARN_INT_CONVERSION = YES;
				CLANG_WARN_NON_LITERAL_NULL_CONVERSION = YES;
				CLANG_WARN_OBJC_IMPLICIT_RETAIN_SELF = YES;
				CLANG_WARN_OBJC_LITERAL_CONVERSION = YES;
				CLANG_WARN_OBJC_ROOT_CLASS = YES_ERROR;
				CLANG_WARN_QUOTED_INCLUDE_IN_FRAMEWORK_HEADER = YES;
				CLANG_WARN_RANGE_LOOP_ANALYSIS = YES;
				CLANG_WARN_STRICT_PROTOTYPES = YES;
				CLANG_WARN_SUSPICIOUS_MOVE = YES;
				CLANG_WARN_UNGUARDED_AVAILABILITY = YES_AGGRESSIVE;
				CLANG_WARN_UNREACHABLE_CODE = YES;
				CLANG_WARN__DUPLICATE_METHOD_MATCH = YES;
				CODE_SIGN_STYLE = Automatic;
				COPY_PHASE_STRIP = NO;
				CURRENT_PROJECT_VERSION = 1;
				DEBUG_INFORMATION_FORMAT = dwarf;
				DEVELOPMENT_TEAM = QG3MEYVHMS;
				ENABLE_STRICT_OBJC_MSGSEND = YES;
				ENABLE_TESTABILITY = YES;
				GCC_C_LANGUAGE_STANDARD = gnu11;
				GCC_DYNAMIC_NO_PIC = NO;
				GCC_NO_COMMON_BLOCKS = YES;
				GCC_OPTIMIZATION_LEVEL = 0;
				GCC_PREPROCESSOR_DEFINITIONS = (
					"$(inherited)",
					"DEBUG=1",
				);
				GCC_WARN_64_TO_32_BIT_CONVERSION = YES;
				GCC_WARN_ABOUT_RETURN_TYPE = YES_ERROR;
				GCC_WARN_UNDECLARED_SELECTOR = YES;
				GCC_WARN_UNINITIALIZED_AUTOS = YES_AGGRESSIVE;
				GCC_WARN_UNUSED_FUNCTION = YES;
				GCC_WARN_UNUSED_VARIABLE = YES;
				IPHONEOS_DEPLOYMENT_TARGET = 17.0;
				MACOSX_DEPLOYMENT_TARGET = 14.0;
				MARKETING_VERSION = 1.0.0;
				MTL_ENABLE_DEBUG_INFO = INCLUDE_SOURCE;
				MTL_FAST_MATH = YES;
				ONLY_ACTIVE_ARCH = YES;
				PRODUCT_NAME = imprint;
				SWIFT_ACTIVE_COMPILATION_CONDITIONS = DEBUG;
				SWIFT_OPTIMIZATION_LEVEL = "-Onone";
				SWIFT_VERSION = 5.9;
			};
			name = Debug;
		};
		D40D124DEAF5DFE216499886 /* Release */ = {
			isa = XCBuildConfiguration;
			buildSettings = {
				BUNDLE_LOADER = "$(TEST_HOST)";
				GENERATE_INFOPLIST_FILE = YES;
				LD_RUNPATH_SEARCH_PATHS = (
					"$(inherited)",
					"@executable_path/Frameworks",
					"@loader_path/Frameworks",
				);
				PRODUCT_BUNDLE_IDENTIFIER = com.imbib.imprint.iostests;
				SDKROOT = iphoneos;
				TARGETED_DEVICE_FAMILY = "1,2";
				TEST_HOST = "$(BUILT_PRODUCTS_DIR)/imprint-iOS.app/imprint-iOS";
			};
			name = Release;
		};
		D58A317B4237DA94B1F8666C /* Debug */ = {
			isa = XCBuildConfiguration;
			buildSettings = {
				BUNDLE_LOADER = "$(TEST_HOST)";
				COMBINE_HIDPI_IMAGES = YES;
				GENERATE_INFOPLIST_FILE = YES;
				LD_RUNPATH_SEARCH_PATHS = (
					"$(inherited)",
					"@executable_path/../Frameworks",
					"@loader_path/../Frameworks",
				);
				PRODUCT_BUNDLE_IDENTIFIER = com.imbib.imprint.tests;
				PRODUCT_MODULE_NAME = imprintTests;
				SDKROOT = macosx;
				TEST_HOST = "$(BUILT_PRODUCTS_DIR)/imprint.app/Contents/MacOS/imprint";
			};
			name = Debug;
		};
		F0D2E03F59CB289CC084911A /* Release */ = {
			isa = XCBuildConfiguration;
			buildSettings = {
				BUNDLE_LOADER = "$(TEST_HOST)";
				COMBINE_HIDPI_IMAGES = YES;
				GENERATE_INFOPLIST_FILE = YES;
				LD_RUNPATH_SEARCH_PATHS = (
					"$(inherited)",
					"@executable_path/../Frameworks",
					"@loader_path/../Frameworks",
				);
				PRODUCT_BUNDLE_IDENTIFIER = com.imbib.imprint.tests;
				PRODUCT_MODULE_NAME = imprintTests;
				SDKROOT = macosx;
				TEST_HOST = "$(BUILT_PRODUCTS_DIR)/imprint.app/Contents/MacOS/imprint";
			};
			name = Release;
		};
/* End XCBuildConfiguration section */

/* Begin XCConfigurationList section */
		1542199DDF2CEEBC0373D358 /* Build configuration list for PBXNativeTarget "imprintTests" */ = {
			isa = XCConfigurationList;
			buildConfigurations = (
				D58A317B4237DA94B1F8666C /* Debug */,
				F0D2E03F59CB289CC084911A /* Release */,
			);
			defaultConfigurationIsVisible = 0;
			defaultConfigurationName = Debug;
		};
		4D6D0BE392ECC9300530DA9A /* Build configuration list for PBXNativeTarget "imprint-iOSTests" */ = {
			isa = XCConfigurationList;
			buildConfigurations = (
				46863AA737BE55B82BB65416 /* Debug */,
				D40D124DEAF5DFE216499886 /* Release */,
			);
			defaultConfigurationIsVisible = 0;
			defaultConfigurationName = Debug;
		};
		9A2B646DEB0B0C734E396477 /* Build configuration list for PBXProject "imprint" */ = {
			isa = XCConfigurationList;
			buildConfigurations = (
				CE3BB13870529E700F9B97DD /* Debug */,
				88E32F6C4A3022D4B7B4F3E3 /* Release */,
			);
			defaultConfigurationIsVisible = 0;
			defaultConfigurationName = Debug;
		};
		BD0E91D2F1413251168A8182 /* Build configuration list for PBXNativeTarget "imprint" */ = {
			isa = XCConfigurationList;
			buildConfigurations = (
				2116EB022F39C5795F3FE758 /* Debug */,
				77D3430EBC30E33BFC7CB5E5 /* Release */,
			);
			defaultConfigurationIsVisible = 0;
			defaultConfigurationName = Debug;
		};
		CEBDC94B6C23479CE4B4C33A /* Build configuration list for PBXNativeTarget "imprintUITests" */ = {
			isa = XCConfigurationList;
			buildConfigurations = (
				280DA729809E38B91907FC09 /* Debug */,
				4C2805E318ABAD79DE7CC5D5 /* Release */,
			);
			defaultConfigurationIsVisible = 0;
			defaultConfigurationName = Debug;
		};
		F6E6DCA70BDCE5DEA7364948 /* Build configuration list for PBXNativeTarget "imprint-iOS" */ = {
			isa = XCConfigurationList;
			buildConfigurations = (
				A8BD6D1ED07C20A7568DA4E4 /* Debug */,
				1CDE55E6A520BF7671013330 /* Release */,
			);
			defaultConfigurationIsVisible = 0;
			defaultConfigurationName = Debug;
		};
/* End XCConfigurationList section */

/* Begin XCLocalSwiftPackageReference section */
		1089D26903AED4E0B6BE7C34 /* XCLocalSwiftPackageReference "ImprintRustCore" */ = {
			isa = XCLocalSwiftPackageReference;
			relativePath = ImprintRustCore;
		};
		17C5078BF6F62A4415E223B7 /* XCLocalSwiftPackageReference "../../packages/ImpressHelixCore" */ = {
			isa = XCLocalSwiftPackageReference;
			relativePath = ../../packages/ImpressHelixCore;
		};
		1C5A62778997ED795072477F /* XCLocalSwiftPackageReference "Packages/ImprintCore" */ = {
			isa = XCLocalSwiftPackageReference;
			relativePath = Packages/ImprintCore;
		};
		4587DE5DB9955180BDA2029E /* XCLocalSwiftPackageReference "../../packages/ImpressTestKit" */ = {
			isa = XCLocalSwiftPackageReference;
			relativePath = ../../packages/ImpressTestKit;
		};
		CE65C5A500D04AF5784F10C0 /* XCLocalSwiftPackageReference "../../packages/ImpressAutomation" */ = {
			isa = XCLocalSwiftPackageReference;
			relativePath = ../../packages/ImpressAutomation;
		};
		E44CBE747F02D43D5FC08034 /* XCLocalSwiftPackageReference "../../packages/ImpressAI" */ = {
			isa = XCLocalSwiftPackageReference;
			relativePath = ../../packages/ImpressAI;
		};
/* End XCLocalSwiftPackageReference section */

/* Begin XCSwiftPackageProductDependency section */
		353A89432C8827CE3B49F381 /* ImprintCore */ = {
			isa = XCSwiftPackageProductDependency;
			productName = ImprintCore;
		};
		552AC7A96D227AA4AB793F32 /* ImpressAI */ = {
			isa = XCSwiftPackageProductDependency;
			productName = ImpressAI;
		};
		567E9E3CACE9EC2DE9C00042 /* ImpressAutomation */ = {
			isa = XCSwiftPackageProductDependency;
			productName = ImpressAutomation;
		};
		8EC9D1A11A01C2743A353F79 /* ImpressHelixCore */ = {
			isa = XCSwiftPackageProductDependency;
			productName = ImpressHelixCore;
		};
		92B5726FAC1ADA45A006C597 /* ImpressAI */ = {
			isa = XCSwiftPackageProductDependency;
			productName = ImpressAI;
		};
		9E3820151F783153325EA58F /* ImprintCore */ = {
			isa = XCSwiftPackageProductDependency;
			productName = ImprintCore;
		};
		A9FB7D229BAC6AAF619BB78D /* ImpressAutomation */ = {
			isa = XCSwiftPackageProductDependency;
			productName = ImpressAutomation;
		};
		AB28B5A664690507DCD22D94 /* ImpressTestKit */ = {
			isa = XCSwiftPackageProductDependency;
			productName = ImpressTestKit;
		};
		D0794C19FA83D58DFE46289D /* ImprintRustCore */ = {
			isa = XCSwiftPackageProductDependency;
			productName = ImprintRustCore;
		};
		DFD5C6D3D462E5D7EA67B0B5 /* ImpressHelixCore */ = {
			isa = XCSwiftPackageProductDependency;
			productName = ImpressHelixCore;
		};
		EF346A89A43BFDB8598F5C5A /* ImprintRustCore */ = {
			isa = XCSwiftPackageProductDependency;
			productName = ImprintRustCore;
		};
/* End XCSwiftPackageProductDependency section */
	};
	rootObject = B9CC20E06336A133442FE812 /* Project object */;
}
